
Microsoft Visual Studio Solution File, Format Version 12.00
# Visual Studio Version 17
VisualStudioVersion = 17.13.35919.96 d17.13
MinimumVisualStudioVersion = 10.0.40219.1
Project("{FAE04EC0-301F-11D3-BF4B-00C04F79EFBC}") = "ManuelStore.Api", "ManuelStore.Api\ManuelStore.Api.csproj", "{64CF796A-D556-47F5-9D29-38B24D1F7109}"
EndProject
Global
	GlobalSection(SolutionConfigurationPlatforms) = preSolution
		Debug|Any CPU = Debug|Any CPU
		Release|Any CPU = Release|Any CPU
	EndGlobalSection
	GlobalSection(ProjectConfigurationPlatforms) = postSolution
		{64CF796A-D556-47F5-9D29-38B24D1F7109}.Debug|Any CPU.ActiveCfg = Debug|Any CPU
		{64CF796A-D556-47F5-9D29-38B24D1F7109}.Debug|Any CPU.Build.0 = Debug|Any CPU
		{64CF796A-D556-47F5-9D29-38B24D1F7109}.Release|Any CPU.ActiveCfg = Release|Any CPU
		{64CF796A-D556-47F5-9D29-38B24D1F7109}.Release|Any CPU.Build.0 = Release|Any CPU
	EndGlobalSection
	GlobalSection(SolutionProperties) = preSolution
		HideSolutionNode = FALSE
	EndGlobalSection
	GlobalSection(ExtensibilityGlobals) = postSolution
		SolutionGuid = {691F7B21-3B18-4B01-97C2-44DFC454EB8C}
	EndGlobalSection
EndGlobal
